
Microsoft Visual Studio Solution File, Format Version 12.00
# Visual Studio Version 17
VisualStudioVersion = 17.14.36310.24 d17.14
MinimumVisualStudioVersion = 10.0.40219.1
Project("{FAE04EC0-301F-11D3-BF4B-00C04F79EFBC}") = "activity 1 Attendance Recorder", "activity 1 Attendance Recorder.csproj", "{BAD3145A-C3BC-497A-AAF1-C0F3541CD12F}"
EndProject
Global
	GlobalSection(SolutionConfigurationPlatforms) = preSolution
		Debug|Any CPU = Debug|Any CPU
		Release|Any CPU = Release|Any CPU
	EndGlobalSection
	GlobalSection(ProjectConfigurationPlatforms) = postSolution
		{BAD3145A-C3BC-497A-AAF1-C0F3541CD12F}.Debug|Any CPU.ActiveCfg = Debug|Any CPU
		{BAD3145A-C3BC-497A-AAF1-C0F3541CD12F}.Debug|Any CPU.Build.0 = Debug|Any CPU
		{BAD3145A-C3BC-497A-AAF1-C0F3541CD12F}.Release|Any CPU.ActiveCfg = Release|Any CPU
		{BAD3145A-C3BC-497A-AAF1-C0F3541CD12F}.Release|Any CPU.Build.0 = Release|Any CPU
	EndGlobalSection
	GlobalSection(SolutionProperties) = preSolution
		HideSolutionNode = FALSE
	EndGlobalSection
	GlobalSection(ExtensibilityGlobals) = postSolution
		SolutionGuid = {96920321-2478-432B-9E60-B8A1DE8EEFDB}
	EndGlobalSection
EndGlobal
